
Microsoft Visual Studio Solution File, Format Version 12.00
# Visual Studio Version 17
VisualStudioVersion = 17.9.34723.18
MinimumVisualStudioVersion = 10.0.40219.1
Project("{FAE04EC0-301F-11D3-BF4B-00C04F79EFBC}") = "FinalWork", "FinalWork.csproj", "{B42C9948-3842-429A-A8D1-91A2E433A1D5}"
EndProject
Global
	GlobalSection(SolutionConfigurationPlatforms) = preSolution
		Debug|Any CPU = Debug|Any CPU
		Release|Any CPU = Release|Any CPU
	EndGlobalSection
	GlobalSection(ProjectConfigurationPlatforms) = postSolution
		{B42C9948-3842-429A-A8D1-91A2E433A1D5}.Debug|Any CPU.ActiveCfg = Debug|Any CPU
		{B42C9948-3842-429A-A8D1-91A2E433A1D5}.Debug|Any CPU.Build.0 = Debug|Any CPU
		{B42C9948-3842-429A-A8D1-91A2E433A1D5}.Release|Any CPU.ActiveCfg = Release|Any CPU
		{B42C9948-3842-429A-A8D1-91A2E433A1D5}.Release|Any CPU.Build.0 = Release|Any CPU
	EndGlobalSection
	GlobalSection(SolutionProperties) = preSolution
		HideSolutionNode = FALSE
	EndGlobalSection
	GlobalSection(ExtensibilityGlobals) = postSolution
		SolutionGuid = {66DA8185-73F8-4F15-8103-C0365AEF5780}
	EndGlobalSection
EndGlobal
